
Microsoft Visual Studio Solution File, Format Version 12.00
# Visual Studio Version 17
VisualStudioVersion = 17.4.33205.214
MinimumVisualStudioVersion = 10.0.40219.1
Project("{FAE04EC0-301F-11D3-BF4B-00C04F79EFBC}") = "SSADataStreams", "SSADataStreams.csproj", "{FB64D5F2-5F56-48F9-9F2B-D948ACFBDF84}"
EndProject
Global
	GlobalSection(SolutionConfigurationPlatforms) = preSolution
		Debug|Any CPU = Debug|Any CPU
		Release|Any CPU = Release|Any CPU
	EndGlobalSection
	GlobalSection(ProjectConfigurationPlatforms) = postSolution
		{FB64D5F2-5F56-48F9-9F2B-D948ACFBDF84}.Debug|Any CPU.ActiveCfg = Debug|Any CPU
		{FB64D5F2-5F56-48F9-9F2B-D948ACFBDF84}.Debug|Any CPU.Build.0 = Debug|Any CPU
		{FB64D5F2-5F56-48F9-9F2B-D948ACFBDF84}.Release|Any CPU.ActiveCfg = Release|Any CPU
		{FB64D5F2-5F56-48F9-9F2B-D948ACFBDF84}.Release|Any CPU.Build.0 = Release|Any CPU
	EndGlobalSection
	GlobalSection(SolutionProperties) = preSolution
		HideSolutionNode = FALSE
	EndGlobalSection
	GlobalSection(ExtensibilityGlobals) = postSolution
		SolutionGuid = {39D809CF-9D27-4AA7-8B91-5C377FA1E733}
	EndGlobalSection
EndGlobal
